// !$*UTF8*$!
{
	archiveVersion = 1;
	classes = {
	};
	objectVersion = 50;
	objects = {

/* Begin PBXBuildFile section */
		5A01077D24B5F4FC008B9063 /* AppDelegate.swift in Sources */ = {isa = PBXBuildFile; fileRef = 5A01077C24B5F4FC008B9063 /* AppDelegate.swift */; };
		5A01077F24B5F4FC008B9063 /* SceneDelegate.swift in Sources */ = {isa = PBXBuildFile; fileRef = 5A01077E24B5F4FC008B9063 /* SceneDelegate.swift */; };
		5A01078124B5F4FC008B9063 /* ViewController.swift in Sources */ = {isa = PBXBuildFile; fileRef = 5A01078024B5F4FC008B9063 /* ViewController.swift */; };
		5A01078424B5F4FC008B9063 /* Main.storyboard in Resources */ = {isa = PBXBuildFile; fileRef = 5A01078224B5F4FC008B9063 /* Main.storyboard */; };
		5A01078624B5F501008B9063 /* Assets.xcassets in Resources */ = {isa = PBXBuildFile; fileRef = 5A01078524B5F501008B9063 /* Assets.xcassets */; };
		5A01078924B5F501008B9063 /* LaunchScreen.storyboard in Resources */ = {isa = PBXBuildFile; fileRef = 5A01078724B5F501008B9063 /* LaunchScreen.storyboard */; };
		5A01079424B5F501008B9063 /* Le_BalluchonTests.swift in Sources */ = {isa = PBXBuildFile; fileRef = 5A01079324B5F501008B9063 /* Le_BalluchonTests.swift */; };
		5A01079F24B5F501008B9063 /* Le_BalluchonUITests.swift in Sources */ = {isa = PBXBuildFile; fileRef = 5A01079E24B5F501008B9063 /* Le_BalluchonUITests.swift */; };
/* End PBXBuildFile section */

/* Begin PBXContainerItemProxy section */
		5A01079024B5F501008B9063 /* PBXContainerItemProxy */ = {
			isa = PBXContainerItemProxy;
			containerPortal = 5A01077124B5F4FC008B9063 /* Project object */;
			proxyType = 1;
			remoteGlobalIDString = 5A01077824B5F4FC008B9063;
			remoteInfo = "Le Balluchon";
		};
		5A01079B24B5F501008B9063 /* PBXContainerItemProxy */ = {
			isa = PBXContainerItemProxy;
			containerPortal = 5A01077124B5F4FC008B9063 /* Project object */;
			proxyType = 1;
			remoteGlobalIDString = 5A01077824B5F4FC008B9063;
			remoteInfo = "Le Balluchon";
		};
/* End PBXContainerItemProxy section */

/* Begin PBXFileReference section */
		5A01077924B5F4FC008B9063 /* Le Balluchon.app */ = {isa = PBXFileReference; explicitFileType = wrapper.application; includeInIndex = 0; path = "Le Balluchon.app"; sourceTree = BUILT_PRODUCTS_DIR; };
		5A01077C24B5F4FC008B9063 /* AppDelegate.swift */ = {isa = PBXFileReference; lastKnownFileType = sourcecode.swift; path = AppDelegate.swift; sourceTree = "<group>"; };
		5A01077E24B5F4FC008B9063 /* SceneDelegate.swift */ = {isa = PBXFileReference; lastKnownFileType = sourcecode.swift; path = SceneDelegate.swift; sourceTree = "<group>"; };
		5A01078024B5F4FC008B9063 /* ViewController.swift */ = {isa = PBXFileReference; lastKnownFileType = sourcecode.swift; path = ViewController.swift; sourceTree = "<group>"; };
		5A01078324B5F4FC008B9063 /* Base */ = {isa = PBXFileReference; lastKnownFileType = file.storyboard; name = Base; path = Base.lproj/Main.storyboard; sourceTree = "<group>"; };
		5A01078524B5F501008B9063 /* Assets.xcassets */ = {isa = PBXFileReference; lastKnownFileType = folder.assetcatalog; path = Assets.xcassets; sourceTree = "<group>"; };
		5A01078824B5F501008B9063 /* Base */ = {isa = PBXFileReference; lastKnownFileType = file.storyboard; name = Base; path = Base.lproj/LaunchScreen.storyboard; sourceTree = "<group>"; };
		5A01078A24B5F501008B9063 /* Info.plist */ = {isa = PBXFileReference; lastKnownFileType = text.plist.xml; path = Info.plist; sourceTree = "<group>"; };
		5A01078F24B5F501008B9063 /* Le BalluchonTests.xctest */ = {isa = PBXFileReference; explicitFileType = wrapper.cfbundle; includeInIndex = 0; path = "Le BalluchonTests.xctest"; sourceTree = BUILT_PRODUCTS_DIR; };
		5A01079324B5F501008B9063 /* Le_BalluchonTests.swift */ = {isa = PBXFileReference; lastKnownFileType = sourcecode.swift; path = Le_BalluchonTests.swift; sourceTree = "<group>"; };
		5A01079524B5F501008B9063 /* Info.plist */ = {isa = PBXFileReference; lastKnownFileType = text.plist.xml; path = Info.plist; sourceTree = "<group>"; };
		5A01079A24B5F501008B9063 /* Le BalluchonUITests.xctest */ = {isa = PBXFileReference; explicitFileType = wrapper.cfbundle; includeInIndex = 0; path = "Le BalluchonUITests.xctest"; sourceTree = BUILT_PRODUCTS_DIR; };
		5A01079E24B5F501008B9063 /* Le_BalluchonUITests.swift */ = {isa = PBXFileReference; lastKnownFileType = sourcecode.swift; path = Le_BalluchonUITests.swift; sourceTree = "<group>"; };
		5A0107A024B5F501008B9063 /* Info.plist */ = {isa = PBXFileReference; lastKnownFileType = text.plist.xml; path = Info.plist; sourceTree = "<group>"; };
/* End PBXFileReference section */

/* Begin PBXFrameworksBuildPhase section */
		5A01077624B5F4FC008B9063 /* Frameworks */ = {
			isa = PBXFrameworksBuildPhase;
			buildActionMask = 2147483647;
			files = (
			);
			runOnlyForDeploymentPostprocessing = 0;
		};
		5A01078C24B5F501008B9063 /* Frameworks */ = {
			isa = PBXFrameworksBuildPhase;
			buildActionMask = 2147483647;
			files = (
			);
			runOnlyForDeploymentPostprocessing = 0;
		};
		5A01079724B5F501008B9063 /* Frameworks */ = {
			isa = PBXFrameworksBuildPhase;
			buildActionMask = 2147483647;
			files = (
			);
			runOnlyForDeploymentPostprocessing = 0;
		};
/* End PBXFrameworksBuildPhase section */

/* Begin PBXGroup section */
		5A01077024B5F4FC008B9063 = {
			isa = PBXGroup;
			children = (
				5A01077B24B5F4FC008B9063 /* Le Balluchon */,
				5A01079224B5F501008B9063 /* Le BalluchonTests */,
				5A01079D24B5F501008B9063 /* Le BalluchonUITests */,
				5A01077A24B5F4FC008B9063 /* Products */,
			);
			sourceTree = "<group>";
		};
		5A01077A24B5F4FC008B9063 /* Products */ = {
			isa = PBXGroup;
			children = (
				5A01077924B5F4FC008B9063 /* Le Balluchon.app */,
				5A01078F24B5F501008B9063 /* Le BalluchonTests.xctest */,
				5A01079A24B5F501008B9063 /* Le BalluchonUITests.xctest */,
			);
			name = Products;
			sourceTree = "<group>";
		};
		5A01077B24B5F4FC008B9063 /* Le Balluchon */ = {
			isa = PBXGroup;
			children = (
				5A01077C24B5F4FC008B9063 /* AppDelegate.swift */,
				5A01077E24B5F4FC008B9063 /* SceneDelegate.swift */,
				5A01078024B5F4FC008B9063 /* ViewController.swift */,
				5A01078224B5F4FC008B9063 /* Main.storyboard */,
				5A01078524B5F501008B9063 /* Assets.xcassets */,
				5A01078724B5F501008B9063 /* LaunchScreen.storyboard */,
				5A01078A24B5F501008B9063 /* Info.plist */,
			);
			path = "Le Balluchon";
			sourceTree = "<group>";
		};
		5A01079224B5F501008B9063 /* Le BalluchonTests */ = {
			isa = PBXGroup;
			children = (
				5A01079324B5F501008B9063 /* Le_BalluchonTests.swift */,
				5A01079524B5F501008B9063 /* Info.plist */,
			);
			path = "Le BalluchonTests";
			sourceTree = "<group>";
		};
		5A01079D24B5F501008B9063 /* Le BalluchonUITests */ = {
			isa = PBXGroup;
			children = (
				5A01079E24B5F501008B9063 /* Le_BalluchonUITests.swift */,
				5A0107A024B5F501008B9063 /* Info.plist */,
			);
			path = "Le BalluchonUITests";
			sourceTree = "<group>";
		};
/* End PBXGroup section */

/* Begin PBXNativeTarget section */
		5A01077824B5F4FC008B9063 /* Le Balluchon */ = {
			isa = PBXNativeTarget;
			buildConfigurationList = 5A0107A324B5F501008B9063 /* Build configuration list for PBXNativeTarget "Le Balluchon" */;
			buildPhases = (
				5A01077524B5F4FC008B9063 /* Sources */,
				5A01077624B5F4FC008B9063 /* Frameworks */,
				5A01077724B5F4FC008B9063 /* Resources */,
			);
			buildRules = (
			);
			dependencies = (
			);
			name = "Le Balluchon";
			productName = "Le Balluchon";
			productReference = 5A01077924B5F4FC008B9063 /* Le Balluchon.app */;
			productType = "com.apple.product-type.application";
		};
		5A01078E24B5F501008B9063 /* Le BalluchonTests */ = {
			isa = PBXNativeTarget;
			buildConfigurationList = 5A0107A624B5F501008B9063 /* Build configuration list for PBXNativeTarget "Le BalluchonTests" */;
			buildPhases = (
				5A01078B24B5F501008B9063 /* Sources */,
				5A01078C24B5F501008B9063 /* Frameworks */,
				5A01078D24B5F501008B9063 /* Resources */,
			);
			buildRules = (
			);
			dependencies = (
				5A01079124B5F501008B9063 /* PBXTargetDependency */,
			);
			name = "Le BalluchonTests";
			productName = "Le BalluchonTests";
			productReference = 5A01078F24B5F501008B9063 /* Le BalluchonTests.xctest */;
			productType = "com.apple.product-type.bundle.unit-test";
		};
		5A01079924B5F501008B9063 /* Le BalluchonUITests */ = {
			isa = PBXNativeTarget;
			buildConfigurationList = 5A0107A924B5F501008B9063 /* Build configuration list for PBXNativeTarget "Le BalluchonUITests" */;
			buildPhases = (
				5A01079624B5F501008B9063 /* Sources */,
				5A01079724B5F501008B9063 /* Frameworks */,
				5A01079824B5F501008B9063 /* Resources */,
			);
			buildRules = (
			);
			dependencies = (
				5A01079C24B5F501008B9063 /* PBXTargetDependency */,
			);
			name = "Le BalluchonUITests";
			productName = "Le BalluchonUITests";
			productReference = 5A01079A24B5F501008B9063 /* Le BalluchonUITests.xctest */;
			productType = "com.apple.product-type.bundle.ui-testing";
		};
/* End PBXNativeTarget section */

/* Begin PBXProject section */
		5A01077124B5F4FC008B9063 /* Project object */ = {
			isa = PBXProject;
			attributes = {
				LastSwiftUpdateCheck = 1150;
				LastUpgradeCheck = 1150;
				ORGANIZATIONNAME = "Nathalie Ortonne";
				TargetAttributes = {
					5A01077824B5F4FC008B9063 = {
						CreatedOnToolsVersion = 11.5;
					};
					5A01078E24B5F501008B9063 = {
						CreatedOnToolsVersion = 11.5;
						TestTargetID = 5A01077824B5F4FC008B9063;
					};
					5A01079924B5F501008B9063 = {
						CreatedOnToolsVersion = 11.5;
						TestTargetID = 5A01077824B5F4FC008B9063;
					};
				};
			};
			buildConfigurationList = 5A01077424B5F4FC008B9063 /* Build configuration list for PBXProject "Le Balluchon" */;
			compatibilityVersion = "Xcode 9.3";
			developmentRegion = en;
			hasScannedForEncodings = 0;
			knownRegions = (
				en,
				Base,
			);
			mainGroup = 5A01077024B5F4FC008B9063;
			productRefGroup = 5A01077A24B5F4FC008B9063 /* Products */;
			projectDirPath = "";
			projectRoot = "";
			targets = (
				5A01077824B5F4FC008B9063 /* Le Balluchon */,
				5A01078E24B5F501008B9063 /* Le BalluchonTests */,
				5A01079924B5F501008B9063 /* Le BalluchonUITests */,
			);
		};
/* End PBXProject section */

/* Begin PBXResourcesBuildPhase section */
		5A01077724B5F4FC008B9063 /* Resources */ = {
			isa = PBXResourcesBuildPhase;
			buildActionMask = 2147483647;
			files = (
				5A01078924B5F501008B9063 /* LaunchScreen.storyboard in Resources */,
				5A01078624B5F501008B9063 /* Assets.xcassets in Resources */,
				5A01078424B5F4FC008B9063 /* Main.storyboard in Resources */,
			);
			runOnlyForDeploymentPostprocessing = 0;
		};
		5A01078D24B5F501008B9063 /* Resources */ = {
			isa = PBXResourcesBuildPhase;
			buildActionMask = 2147483647;
			files = (
			);
			runOnlyForDeploymentPostprocessing = 0;
		};
		5A01079824B5F501008B9063 /* Resources */ = {
			isa = PBXResourcesBuildPhase;
			buildActionMask = 2147483647;
			files = (
			);
			runOnlyForDeploymentPostprocessing = 0;
		};
/* End PBXResourcesBuildPhase section */

/* Begin PBXSourcesBuildPhase section */
		5A01077524B5F4FC008B9063 /* Sources */ = {
			isa = PBXSourcesBuildPhase;
			buildActionMask = 2147483647;
			files = (
				5A01078124B5F4FC008B9063 /* ViewController.swift in Sources */,
				5A01077D24B5F4FC008B9063 /* AppDelegate.swift in Sources */,
				5A01077F24B5F4FC008B9063 /* SceneDelegate.swift in Sources */,
			);
			runOnlyForDeploymentPostprocessing = 0;
		};
		5A01078B24B5F501008B9063 /* Sources */ = {
			isa = PBXSourcesBuildPhase;
			buildActionMask = 2147483647;
			files = (
				5A01079424B5F501008B9063 /* Le_BalluchonTests.swift in Sources */,
			);
			runOnlyForDeploymentPostprocessing = 0;
		};
		5A01079624B5F501008B9063 /* Sources */ = {
			isa = PBXSourcesBuildPhase;
			buildActionMask = 2147483647;
			files = (
				5A01079F24B5F501008B9063 /* Le_BalluchonUITests.swift in Sources */,
			);
			runOnlyForDeploymentPostprocessing = 0;
		};
/* End PBXSourcesBuildPhase section */

/* Begin PBXTargetDependency section */
		5A01079124B5F501008B9063 /* PBXTargetDependency */ = {
			isa = PBXTargetDependency;
			target = 5A01077824B5F4FC008B9063 /* Le Balluchon */;
			targetProxy = 5A01079024B5F501008B9063 /* PBXContainerItemProxy */;
		};
		5A01079C24B5F501008B9063 /* PBXTargetDependency */ = {
			isa = PBXTargetDependency;
			target = 5A01077824B5F4FC008B9063 /* Le Balluchon */;
			targetProxy = 5A01079B24B5F501008B9063 /* PBXContainerItemProxy */;
		};
/* End PBXTargetDependency section */

/* Begin PBXVariantGroup section */
		5A01078224B5F4FC008B9063 /* Main.storyboard */ = {
			isa = PBXVariantGroup;
			children = (
				5A01078324B5F4FC008B9063 /* Base */,
			);
			name = Main.storyboard;
			sourceTree = "<group>";
		};
		5A01078724B5F501008B9063 /* LaunchScreen.storyboard */ = {
			isa = PBXVariantGroup;
			children = (
				5A01078824B5F501008B9063 /* Base */,
			);
			name = LaunchScreen.storyboard;
			sourceTree = "<group>";
		};
/* End PBXVariantGroup section */

/* Begin XCBuildConfiguration section */
		5A0107A124B5F501008B9063 /* Debug */ = {
			isa = XCBuildConfiguration;
			buildSettings = {
				ALWAYS_SEARCH_USER_PATHS = NO;
				CLANG_ANALYZER_NONNULL = YES;
				CLANG_ANALYZER_NUMBER_OBJECT_CONVERSION = YES_AGGRESSIVE;
				CLANG_CXX_LANGUAGE_STANDARD = "gnu++14";
				CLANG_CXX_LIBRARY = "libc++";
				CLANG_ENABLE_MODULES = YES;
				CLANG_ENABLE_OBJC_ARC = YES;
				CLANG_ENABLE_OBJC_WEAK = YES;
				CLANG_WARN_BLOCK_CAPTURE_AUTORELEASING = YES;
				CLANG_WARN_BOOL_CONVERSION = YES;
				CLANG_WARN_COMMA = YES;
				CLANG_WARN_CONSTANT_CONVERSION = YES;
				CLANG_WARN_DEPRECATED_OBJC_IMPLEMENTATIONS = YES;
				CLANG_WARN_DIRECT_OBJC_ISA_USAGE = YES_ERROR;
				CLANG_WARN_DOCUMENTATION_COMMENTS = YES;
				CLANG_WARN_EMPTY_BODY = YES;
				CLANG_WARN_ENUM_CONVERSION = YES;
				CLANG_WARN_INFINITE_RECURSION = YES;
				CLANG_WARN_INT_CONVERSION = YES;
				CLANG_WARN_NON_LITERAL_NULL_CONVERSION = YES;
				CLANG_WARN_OBJC_IMPLICIT_RETAIN_SELF = YES;
				CLANG_WARN_OBJC_LITERAL_CONVERSION = YES;
				CLANG_WARN_OBJC_ROOT_CLASS = YES_ERROR;
				CLANG_WARN_RANGE_LOOP_ANALYSIS = YES;
				CLANG_WARN_STRICT_PROTOTYPES = YES;
				CLANG_WARN_SUSPICIOUS_MOVE = YES;
				CLANG_WARN_UNGUARDED_AVAILABILITY = YES_AGGRESSIVE;
				CLANG_WARN_UNREACHABLE_CODE = YES;
				CLANG_WARN__DUPLICATE_METHOD_MATCH = YES;
				COPY_PHASE_STRIP = NO;
				DEBUG_INFORMATION_FORMAT = dwarf;
				ENABLE_STRICT_OBJC_MSGSEND = YES;
				ENABLE_TESTABILITY = YES;
				GCC_C_LANGUAGE_STANDARD = gnu11;
				GCC_DYNAMIC_NO_PIC = NO;
				GCC_NO_COMMON_BLOCKS = YES;
				GCC_OPTIMIZATION_LEVEL = 0;
				GCC_PREPROCESSOR_DEFINITIONS = (
					"DEBUG=1",
					"$(inherited)",
				);
				GCC_WARN_64_TO_32_BIT_CONVERSION = YES;
				GCC_WARN_ABOUT_RETURN_TYPE = YES_ERROR;
				GCC_WARN_UNDECLARED_SELECTOR = YES;
				GCC_WARN_UNINITIALIZED_AUTOS = YES_AGGRESSIVE;
				GCC_WARN_UNUSED_FUNCTION = YES;
				GCC_WARN_UNUSED_VARIABLE = YES;
				IPHONEOS_DEPLOYMENT_TARGET = 13.5;
				MTL_ENABLE_DEBUG_INFO = INCLUDE_SOURCE;
				MTL_FAST_MATH = YES;
				ONLY_ACTIVE_ARCH = YES;
				SDKROOT = iphoneos;
				SWIFT_ACTIVE_COMPILATION_CONDITIONS = DEBUG;
				SWIFT_OPTIMIZATION_LEVEL = "-Onone";
			};
			name = Debug;
		};
		5A0107A224B5F501008B9063 /* Release */ = {
			isa = XCBuildConfiguration;
			buildSettings = {
				ALWAYS_SEARCH_USER_PATHS = NO;
				CLANG_ANALYZER_NONNULL = YES;
				CLANG_ANALYZER_NUMBER_OBJECT_CONVERSION = YES_AGGRESSIVE;
				CLANG_CXX_LANGUAGE_STANDARD = "gnu++14";
				CLANG_CXX_LIBRARY = "libc++";
				CLANG_ENABLE_MODULES = YES;
				CLANG_ENABLE_OBJC_ARC = YES;
				CLANG_ENABLE_OBJC_WEAK = YES;
				CLANG_WARN_BLOCK_CAPTURE_AUTORELEASING = YES;
				CLANG_WARN_BOOL_CONVERSION = YES;
				CLANG_WARN_COMMA = YES;
				CLANG_WARN_CONSTANT_CONVERSION = YES;
				CLANG_WARN_DEPRECATED_OBJC_IMPLEMENTATIONS = YES;
				CLANG_WARN_DIRECT_OBJC_ISA_USAGE = YES_ERROR;
				CLANG_WARN_DOCUMENTATION_COMMENTS = YES;
				CLANG_WARN_EMPTY_BODY = YES;
				CLANG_WARN_ENUM_CONVERSION = YES;
				CLANG_WARN_INFINITE_RECURSION = YES;
				CLANG_WARN_INT_CONVERSION = YES;
				CLANG_WARN_NON_LITERAL_NULL_CONVERSION = YES;
				CLANG_WARN_OBJC_IMPLICIT_RETAIN_SELF = YES;
				CLANG_WARN_OBJC_LITERAL_CONVERSION = YES;
				CLANG_WARN_OBJC_ROOT_CLASS = YES_ERROR;
				CLANG_WARN_RANGE_LOOP_ANALYSIS = YES;
				CLANG_WARN_STRICT_PROTOTYPES = YES;
				CLANG_WARN_SUSPICIOUS_MOVE = YES;
				CLANG_WARN_UNGUARDED_AVAILABILITY = YES_AGGRESSIVE;
				CLANG_WARN_UNREACHABLE_CODE = YES;
				CLANG_WARN__DUPLICATE_METHOD_MATCH = YES;
				COPY_PHASE_STRIP = NO;
				DEBUG_INFORMATION_FORMAT = "dwarf-with-dsym";
				ENABLE_NS_ASSERTIONS = NO;
				ENABLE_STRICT_OBJC_MSGSEND = YES;
				GCC_C_LANGUAGE_STANDARD = gnu11;
				GCC_NO_COMMON_BLOCKS = YES;
				GCC_WARN_64_TO_32_BIT_CONVERSION = YES;
				GCC_WARN_ABOUT_RETURN_TYPE = YES_ERROR;
				GCC_WARN_UNDECLARED_SELECTOR = YES;
				GCC_WARN_UNINITIALIZED_AUTOS = YES_AGGRESSIVE;
				GCC_WARN_UNUSED_FUNCTION = YES;
				GCC_WARN_UNUSED_VARIABLE = YES;
				IPHONEOS_DEPLOYMENT_TARGET = 13.5;
				MTL_ENABLE_DEBUG_INFO = NO;
				MTL_FAST_MATH = YES;
				SDKROOT = iphoneos;
				SWIFT_COMPILATION_MODE = wholemodule;
				SWIFT_OPTIMIZATION_LEVEL = "-O";
				VALIDATE_PRODUCT = YES;
			};
			name = Release;
		};
		5A0107A424B5F501008B9063 /* Debug */ = {
			isa = XCBuildConfiguration;
			buildSettings = {
				ASSETCATALOG_COMPILER_APPICON_NAME = AppIcon;
				CODE_SIGN_STYLE = Automatic;
				DEVELOPMENT_TEAM = XJPLMV5UNX;
				INFOPLIST_FILE = "Le Balluchon/Info.plist";
				LD_RUNPATH_SEARCH_PATHS = (
					"$(inherited)",
					"@executable_path/Frameworks",
				);
				PRODUCT_BUNDLE_IDENTIFIER = "fr.nathalieortonne.Le-Balluchon";
				PRODUCT_NAME = "$(TARGET_NAME)";
				SWIFT_VERSION = 5.0;
				TARGETED_DEVICE_FAMILY = "1,2";
			};
			name = Debug;
		};
		5A0107A524B5F501008B9063 /* Release */ = {
			isa = XCBuildConfiguration;
			buildSettings = {
				ASSETCATALOG_COMPILER_APPICON_NAME = AppIcon;
				CODE_SIGN_STYLE = Automatic;
				DEVELOPMENT_TEAM = XJPLMV5UNX;
				INFOPLIST_FILE = "Le Balluchon/Info.plist";
				LD_RUNPATH_SEARCH_PATHS = (
					"$(inherited)",
					"@executable_path/Frameworks",
				);
				PRODUCT_BUNDLE_IDENTIFIER = "fr.nathalieortonne.Le-Balluchon";
				PRODUCT_NAME = "$(TARGET_NAME)";
				SWIFT_VERSION = 5.0;
				TARGETED_DEVICE_FAMILY = "1,2";
			};
			name = Release;
		};
		5A0107A724B5F501008B9063 /* Debug */ = {
			isa = XCBuildConfiguration;
			buildSettings = {
				ALWAYS_EMBED_SWIFT_STANDARD_LIBRARIES = YES;
				BUNDLE_LOADER = "$(TEST_HOST)";
				CODE_SIGN_STYLE = Automatic;
				DEVELOPMENT_TEAM = XJPLMV5UNX;
				INFOPLIST_FILE = "Le BalluchonTests/Info.plist";
				IPHONEOS_DEPLOYMENT_TARGET = 13.5;
				LD_RUNPATH_SEARCH_PATHS = (
					"$(inherited)",
					"@executable_path/Frameworks",
					"@loader_path/Frameworks",
				);
				PRODUCT_BUNDLE_IDENTIFIER = "fr.nathalieortonne.Le-BalluchonTests";
				PRODUCT_NAME = "$(TARGET_NAME)";
				SWIFT_VERSION = 5.0;
				TARGETED_DEVICE_FAMILY = "1,2";
				TEST_HOST = "$(BUILT_PRODUCTS_DIR)/Le Balluchon.app/Le Balluchon";
			};
			name = Debug;
		};
		5A0107A824B5F501008B9063 /* Release */ = {
			isa = XCBuildConfiguration;
			buildSettings = {
				ALWAYS_EMBED_SWIFT_STANDARD_LIBRARIES = YES;
				BUNDLE_LOADER = "$(TEST_HOST)";
				CODE_SIGN_STYLE = Automatic;
				DEVELOPMENT_TEAM = XJPLMV5UNX;
				INFOPLIST_FILE = "Le BalluchonTests/Info.plist";
				IPHONEOS_DEPLOYMENT_TARGET = 13.5;
				LD_RUNPATH_SEARCH_PATHS = (
					"$(inherited)",
					"@executable_path/Frameworks",
					"@loader_path/Frameworks",
				);
				PRODUCT_BUNDLE_IDENTIFIER = "fr.nathalieortonne.Le-BalluchonTests";
				PRODUCT_NAME = "$(TARGET_NAME)";
				SWIFT_VERSION = 5.0;
				TARGETED_DEVICE_FAMILY = "1,2";
				TEST_HOST = "$(BUILT_PRODUCTS_DIR)/Le Balluchon.app/Le Balluchon";
			};
			name = Release;
		};
		5A0107AA24B5F501008B9063 /* Debug */ = {
			isa = XCBuildConfiguration;
			buildSettings = {
				ALWAYS_EMBED_SWIFT_STANDARD_LIBRARIES = YES;
				CODE_SIGN_STYLE = Automatic;
				DEVELOPMENT_TEAM = XJPLMV5UNX;
				INFOPLIST_FILE = "Le BalluchonUITests/Info.plist";
				LD_RUNPATH_SEARCH_PATHS = (
					"$(inherited)",
					"@executable_path/Frameworks",
					"@loader_path/Frameworks",
				);
				PRODUCT_BUNDLE_IDENTIFIER = "fr.nathalieortonne.Le-BalluchonUITests";
				PRODUCT_NAME = "$(TARGET_NAME)";
				SWIFT_VERSION = 5.0;
				TARGETED_DEVICE_FAMILY = "1,2";
				TEST_TARGET_NAME = "Le Balluchon";
			};
			name = Debug;
		};
		5A0107AB24B5F501008B9063 /* Release */ = {
			isa = XCBuildConfiguration;
			buildSettings = {
				ALWAYS_EMBED_SWIFT_STANDARD_LIBRARIES = YES;
				CODE_SIGN_STYLE = Automatic;
				DEVELOPMENT_TEAM = XJPLMV5UNX;
				INFOPLIST_FILE = "Le BalluchonUITests/Info.plist";
				LD_RUNPATH_SEARCH_PATHS = (
					"$(inherited)",
					"@executable_path/Frameworks",
					"@loader_path/Frameworks",
				);
				PRODUCT_BUNDLE_IDENTIFIER = "fr.nathalieortonne.Le-BalluchonUITests";
				PRODUCT_NAME = "$(TARGET_NAME)";
				SWIFT_VERSION = 5.0;
				TARGETED_DEVICE_FAMILY = "1,2";
				TEST_TARGET_NAME = "Le Balluchon";
			};
			name = Release;
		};
/* End XCBuildConfiguration section */

/* Begin XCConfigurationList section */
		5A01077424B5F4FC008B9063 /* Build configuration list for PBXProject "Le Balluchon" */ = {
			isa = XCConfigurationList;
			buildConfigurations = (
				5A0107A124B5F501008B9063 /* Debug */,
				5A0107A224B5F501008B9063 /* Release */,
			);
			defaultConfigurationIsVisible = 0;
			defaultConfigurationName = Release;
		};
		5A0107A324B5F501008B9063 /* Build configuration list for PBXNativeTarget "Le Balluchon" */ = {
			isa = XCConfigurationList;
			buildConfigurations = (
				5A0107A424B5F501008B9063 /* Debug */,
				5A0107A524B5F501008B9063 /* Release */,
			);
			defaultConfigurationIsVisible = 0;
			defaultConfigurationName = Release;
		};
		5A0107A624B5F501008B9063 /* Build configuration list for PBXNativeTarget "Le BalluchonTests" */ = {
			isa = XCConfigurationList;
			buildConfigurations = (
				5A0107A724B5F501008B9063 /* Debug */,
				5A0107A824B5F501008B9063 /* Release */,
			);
			defaultConfigurationIsVisible = 0;
			defaultConfigurationName = Release;
		};
		5A0107A924B5F501008B9063 /* Build configuration list for PBXNativeTarget "Le BalluchonUITests" */ = {
			isa = XCConfigurationList;
			buildConfigurations = (
				5A0107AA24B5F501008B9063 /* Debug */,
				5A0107AB24B5F501008B9063 /* Release */,
			);
			defaultConfigurationIsVisible = 0;
			defaultConfigurationName = Release;
		};
/* End XCConfigurationList section */
	};
	rootObject = 5A01077124B5F4FC008B9063 /* Project object */;
}
