// !$*UTF8*$!
{
	archiveVersion = 1;
	classes = {
	};
	objectVersion = 50;
	objects = {

/* Begin PBXBuildFile section */
		5A01077D24B5F4FC008B9063 /* AppDelegate.swift in Sources */ = {isa = PBXBuildFile; fileRef = 5A01077C24B5F4FC008B9063 /* AppDelegate.swift */; };
		5A01077F24B5F4FC008B9063 /* SceneDelegate.swift in Sources */ = {isa = PBXBuildFile; fileRef = 5A01077E24B5F4FC008B9063 /* SceneDelegate.swift */; };
		5A01078424B5F4FC008B9063 /* Main.storyboard in Resources */ = {isa = PBXBuildFile; fileRef = 5A01078224B5F4FC008B9063 /* Main.storyboard */; };
		5A01078624B5F501008B9063 /* Assets.xcassets in Resources */ = {isa = PBXBuildFile; fileRef = 5A01078524B5F501008B9063 /* Assets.xcassets */; };
		5A01078924B5F501008B9063 /* LaunchScreen.storyboard in Resources */ = {isa = PBXBuildFile; fileRef = 5A01078724B5F501008B9063 /* LaunchScreen.storyboard */; };
		5A01079F24B5F501008B9063 /* Le_BalluchonUITests.swift in Sources */ = {isa = PBXBuildFile; fileRef = 5A01079E24B5F501008B9063 /* Le_BalluchonUITests.swift */; };
		5A0107B024B5F6DA008B9063 /* ExchangeRateViewController.swift in Sources */ = {isa = PBXBuildFile; fileRef = 5A0107AF24B5F6DA008B9063 /* ExchangeRateViewController.swift */; };
		5A0107B224B5F711008B9063 /* TranslationViewController.swift in Sources */ = {isa = PBXBuildFile; fileRef = 5A0107B124B5F711008B9063 /* TranslationViewController.swift */; };
		5A0107B624B5F769008B9063 /* WelcomViewController.swift in Sources */ = {isa = PBXBuildFile; fileRef = 5A0107B524B5F769008B9063 /* WelcomViewController.swift */; };
		5A0107B824B5F796008B9063 /* Weather.swift in Sources */ = {isa = PBXBuildFile; fileRef = 5A0107B724B5F796008B9063 /* Weather.swift */; };
		5A0107BA24B5F7B1008B9063 /* CurrencyRate.swift in Sources */ = {isa = PBXBuildFile; fileRef = 5A0107B924B5F7B1008B9063 /* CurrencyRate.swift */; };
		5A0107BC24B5F7CD008B9063 /* Translation.swift in Sources */ = {isa = PBXBuildFile; fileRef = 5A0107BB24B5F7CD008B9063 /* Translation.swift */; };
		5A7EA30224C72F5500CCCA55 /* WeatherPageViewController.swift in Sources */ = {isa = PBXBuildFile; fileRef = 5A7EA30124C72F5500CCCA55 /* WeatherPageViewController.swift */; };
		5A7EA30424C7355900CCCA55 /* WeatherViewController.swift in Sources */ = {isa = PBXBuildFile; fileRef = 5A7EA30324C7355900CCCA55 /* WeatherViewController.swift */; };
		5AADD8C924B7469500227CDC /* Default-568h@2x.png in Resources */ = {isa = PBXBuildFile; fileRef = 5AADD8C824B7469500227CDC /* Default-568h@2x.png */; };
		5AADD8CB24BCA2EB00227CDC /* CurrencyRateService.swift in Sources */ = {isa = PBXBuildFile; fileRef = 5AADD8CA24BCA2EB00227CDC /* CurrencyRateService.swift */; };
		5AADD8CD24BDAD0500227CDC /* CurrencyRateTest.swift in Sources */ = {isa = PBXBuildFile; fileRef = 5AADD8CC24BDAD0500227CDC /* CurrencyRateTest.swift */; };
		5AADD8CF24BDADA200227CDC /* FakeResponseData.swift in Sources */ = {isa = PBXBuildFile; fileRef = 5AADD8CE24BDADA200227CDC /* FakeResponseData.swift */; };
		5AADD8D124BDD00300227CDC /* WeatherService.swift in Sources */ = {isa = PBXBuildFile; fileRef = 5AADD8D024BDD00300227CDC /* WeatherService.swift */; };
		5AADD8D324BDD36200227CDC /* WeatherTests.swift in Sources */ = {isa = PBXBuildFile; fileRef = 5AADD8D224BDD36200227CDC /* WeatherTests.swift */; };
		5AADD8D524BEFCBA00227CDC /* Currencies.swift in Sources */ = {isa = PBXBuildFile; fileRef = 5AADD8D424BEFCBA00227CDC /* Currencies.swift */; };
/* End PBXBuildFile section */

/* Begin PBXContainerItemProxy section */
		5A01079024B5F501008B9063 /* PBXContainerItemProxy */ = {
			isa = PBXContainerItemProxy;
			containerPortal = 5A01077124B5F4FC008B9063 /* Project object */;
			proxyType = 1;
			remoteGlobalIDString = 5A01077824B5F4FC008B9063;
			remoteInfo = "Le Balluchon";
		};
		5A01079B24B5F501008B9063 /* PBXContainerItemProxy */ = {
			isa = PBXContainerItemProxy;
			containerPortal = 5A01077124B5F4FC008B9063 /* Project object */;
			proxyType = 1;
			remoteGlobalIDString = 5A01077824B5F4FC008B9063;
			remoteInfo = "Le Balluchon";
		};
/* End PBXContainerItemProxy section */

/* Begin PBXFileReference section */
		5A01077924B5F4FC008B9063 /* Le Baluchon.app */ = {isa = PBXFileReference; explicitFileType = wrapper.application; includeInIndex = 0; path = "Le Baluchon.app"; sourceTree = BUILT_PRODUCTS_DIR; };
		5A01077C24B5F4FC008B9063 /* AppDelegate.swift */ = {isa = PBXFileReference; lastKnownFileType = sourcecode.swift; path = AppDelegate.swift; sourceTree = "<group>"; };
		5A01077E24B5F4FC008B9063 /* SceneDelegate.swift */ = {isa = PBXFileReference; lastKnownFileType = sourcecode.swift; path = SceneDelegate.swift; sourceTree = "<group>"; };
		5A01078324B5F4FC008B9063 /* Base */ = {isa = PBXFileReference; lastKnownFileType = file.storyboard; name = Base; path = Base.lproj/Main.storyboard; sourceTree = "<group>"; };
		5A01078524B5F501008B9063 /* Assets.xcassets */ = {isa = PBXFileReference; lastKnownFileType = folder.assetcatalog; path = Assets.xcassets; sourceTree = "<group>"; };
		5A01078824B5F501008B9063 /* Base */ = {isa = PBXFileReference; lastKnownFileType = file.storyboard; name = Base; path = Base.lproj/LaunchScreen.storyboard; sourceTree = "<group>"; };
		5A01078A24B5F501008B9063 /* Info.plist */ = {isa = PBXFileReference; lastKnownFileType = text.plist.xml; path = Info.plist; sourceTree = "<group>"; };
		5A01078F24B5F501008B9063 /* Le BaluchonTests.xctest */ = {isa = PBXFileReference; explicitFileType = wrapper.cfbundle; includeInIndex = 0; path = "Le BaluchonTests.xctest"; sourceTree = BUILT_PRODUCTS_DIR; };
		5A01079524B5F501008B9063 /* Info.plist */ = {isa = PBXFileReference; lastKnownFileType = text.plist.xml; path = Info.plist; sourceTree = "<group>"; };
		5A01079A24B5F501008B9063 /* Le BaluchonUITests.xctest */ = {isa = PBXFileReference; explicitFileType = wrapper.cfbundle; includeInIndex = 0; path = "Le BaluchonUITests.xctest"; sourceTree = BUILT_PRODUCTS_DIR; };
		5A01079E24B5F501008B9063 /* Le_BalluchonUITests.swift */ = {isa = PBXFileReference; lastKnownFileType = sourcecode.swift; path = Le_BalluchonUITests.swift; sourceTree = "<group>"; };
		5A0107A024B5F501008B9063 /* Info.plist */ = {isa = PBXFileReference; lastKnownFileType = text.plist.xml; path = Info.plist; sourceTree = "<group>"; };
		5A0107AF24B5F6DA008B9063 /* ExchangeRateViewController.swift */ = {isa = PBXFileReference; lastKnownFileType = sourcecode.swift; path = ExchangeRateViewController.swift; sourceTree = "<group>"; };
		5A0107B124B5F711008B9063 /* TranslationViewController.swift */ = {isa = PBXFileReference; lastKnownFileType = sourcecode.swift; path = TranslationViewController.swift; sourceTree = "<group>"; };
		5A0107B524B5F769008B9063 /* WelcomViewController.swift */ = {isa = PBXFileReference; lastKnownFileType = sourcecode.swift; path = WelcomViewController.swift; sourceTree = "<group>"; };
		5A0107B724B5F796008B9063 /* Weather.swift */ = {isa = PBXFileReference; lastKnownFileType = sourcecode.swift; path = Weather.swift; sourceTree = "<group>"; };
		5A0107B924B5F7B1008B9063 /* CurrencyRate.swift */ = {isa = PBXFileReference; lastKnownFileType = sourcecode.swift; path = CurrencyRate.swift; sourceTree = "<group>"; };
		5A0107BB24B5F7CD008B9063 /* Translation.swift */ = {isa = PBXFileReference; lastKnownFileType = sourcecode.swift; path = Translation.swift; sourceTree = "<group>"; };
		5A7EA30124C72F5500CCCA55 /* WeatherPageViewController.swift */ = {isa = PBXFileReference; lastKnownFileType = sourcecode.swift; path = WeatherPageViewController.swift; sourceTree = "<group>"; };
		5A7EA30324C7355900CCCA55 /* WeatherViewController.swift */ = {isa = PBXFileReference; lastKnownFileType = sourcecode.swift; path = WeatherViewController.swift; sourceTree = "<group>"; };
		5AADD8C824B7469500227CDC /* Default-568h@2x.png */ = {isa = PBXFileReference; lastKnownFileType = image.png; path = "Default-568h@2x.png"; sourceTree = "<group>"; };
		5AADD8CA24BCA2EB00227CDC /* CurrencyRateService.swift */ = {isa = PBXFileReference; lastKnownFileType = sourcecode.swift; path = CurrencyRateService.swift; sourceTree = "<group>"; };
		5AADD8CC24BDAD0500227CDC /* CurrencyRateTest.swift */ = {isa = PBXFileReference; lastKnownFileType = sourcecode.swift; path = CurrencyRateTest.swift; sourceTree = "<group>"; };
		5AADD8CE24BDADA200227CDC /* FakeResponseData.swift */ = {isa = PBXFileReference; lastKnownFileType = sourcecode.swift; path = FakeResponseData.swift; sourceTree = "<group>"; };
		5AADD8D024BDD00300227CDC /* WeatherService.swift */ = {isa = PBXFileReference; lastKnownFileType = sourcecode.swift; path = WeatherService.swift; sourceTree = "<group>"; };
		5AADD8D224BDD36200227CDC /* WeatherTests.swift */ = {isa = PBXFileReference; lastKnownFileType = sourcecode.swift; path = WeatherTests.swift; sourceTree = "<group>"; };
		5AADD8D424BEFCBA00227CDC /* Currencies.swift */ = {isa = PBXFileReference; lastKnownFileType = sourcecode.swift; path = Currencies.swift; sourceTree = "<group>"; };
/* End PBXFileReference section */

/* Begin PBXFrameworksBuildPhase section */
		5A01077624B5F4FC008B9063 /* Frameworks */ = {
			isa = PBXFrameworksBuildPhase;
			buildActionMask = 2147483647;
			files = (
			);
			runOnlyForDeploymentPostprocessing = 0;
		};
		5A01078C24B5F501008B9063 /* Frameworks */ = {
			isa = PBXFrameworksBuildPhase;
			buildActionMask = 2147483647;
			files = (
			);
			runOnlyForDeploymentPostprocessing = 0;
		};
		5A01079724B5F501008B9063 /* Frameworks */ = {
			isa = PBXFrameworksBuildPhase;
			buildActionMask = 2147483647;
			files = (
			);
			runOnlyForDeploymentPostprocessing = 0;
		};
/* End PBXFrameworksBuildPhase section */

/* Begin PBXGroup section */
		5A01077024B5F4FC008B9063 = {
			isa = PBXGroup;
			children = (
				5AADD8C824B7469500227CDC /* Default-568h@2x.png */,
				5A01077B24B5F4FC008B9063 /* Le Baluchon */,
				5A01079224B5F501008B9063 /* Le BaluchonTests */,
				5A01079D24B5F501008B9063 /* Le BaluchonUITests */,
				5A01077A24B5F4FC008B9063 /* Products */,
			);
			sourceTree = "<group>";
		};
		5A01077A24B5F4FC008B9063 /* Products */ = {
			isa = PBXGroup;
			children = (
				5A01077924B5F4FC008B9063 /* Le Baluchon.app */,
				5A01078F24B5F501008B9063 /* Le BaluchonTests.xctest */,
				5A01079A24B5F501008B9063 /* Le BaluchonUITests.xctest */,
			);
			name = Products;
			sourceTree = "<group>";
		};
		5A01077B24B5F4FC008B9063 /* Le Baluchon */ = {
			isa = PBXGroup;
			children = (
				5A0107AE24B5F526008B9063 /* Controller */,
				5A0107AD24B5F520008B9063 /* View */,
				5A0107AC24B5F50D008B9063 /* Model */,
				5A01077C24B5F4FC008B9063 /* AppDelegate.swift */,
				5A01077E24B5F4FC008B9063 /* SceneDelegate.swift */,
				5A01078A24B5F501008B9063 /* Info.plist */,
			);
			path = "Le Baluchon";
			sourceTree = "<group>";
		};
		5A01079224B5F501008B9063 /* Le BaluchonTests */ = {
			isa = PBXGroup;
			children = (
				5AADD8CC24BDAD0500227CDC /* CurrencyRateTest.swift */,
				5A01079524B5F501008B9063 /* Info.plist */,
				5AADD8CE24BDADA200227CDC /* FakeResponseData.swift */,
				5AADD8D224BDD36200227CDC /* WeatherTests.swift */,
			);
			path = "Le BaluchonTests";
			sourceTree = "<group>";
		};
		5A01079D24B5F501008B9063 /* Le BaluchonUITests */ = {
			isa = PBXGroup;
			children = (
				5A01079E24B5F501008B9063 /* Le_BalluchonUITests.swift */,
				5A0107A024B5F501008B9063 /* Info.plist */,
			);
			path = "Le BaluchonUITests";
			sourceTree = "<group>";
		};
		5A0107AC24B5F50D008B9063 /* Model */ = {
			isa = PBXGroup;
			children = (
				5AADD8D924BEFCF300227CDC /* Translate */,
				5AADD8D824BEFCE300227CDC /* Weather */,
				5AADD8D724BEFCC600227CDC /* Currency */,
			);
			path = Model;
			sourceTree = "<group>";
		};
		5A0107AD24B5F520008B9063 /* View */ = {
			isa = PBXGroup;
			children = (
				5A01078224B5F4FC008B9063 /* Main.storyboard */,
				5A01078524B5F501008B9063 /* Assets.xcassets */,
				5A01078724B5F501008B9063 /* LaunchScreen.storyboard */,
			);
			path = View;
			sourceTree = "<group>";
		};
		5A0107AE24B5F526008B9063 /* Controller */ = {
			isa = PBXGroup;
			children = (
				5A0107AF24B5F6DA008B9063 /* ExchangeRateViewController.swift */,
				5A0107B124B5F711008B9063 /* TranslationViewController.swift */,
				5A0107B524B5F769008B9063 /* WelcomViewController.swift */,
				5A7EA30124C72F5500CCCA55 /* WeatherPageViewController.swift */,
				5A7EA30324C7355900CCCA55 /* WeatherViewController.swift */,
			);
			path = Controller;
			sourceTree = "<group>";
		};
		5AADD8D724BEFCC600227CDC /* Currency */ = {
			isa = PBXGroup;
			children = (
				5A0107B924B5F7B1008B9063 /* CurrencyRate.swift */,
				5AADD8CA24BCA2EB00227CDC /* CurrencyRateService.swift */,
				5AADD8D424BEFCBA00227CDC /* Currencies.swift */,
			);
			name = Currency;
			sourceTree = "<group>";
		};
		5AADD8D824BEFCE300227CDC /* Weather */ = {
			isa = PBXGroup;
			children = (
				5A0107B724B5F796008B9063 /* Weather.swift */,
				5AADD8D024BDD00300227CDC /* WeatherService.swift */,
			);
			name = Weather;
			sourceTree = "<group>";
		};
		5AADD8D924BEFCF300227CDC /* Translate */ = {
			isa = PBXGroup;
			children = (
				5A0107BB24B5F7CD008B9063 /* Translation.swift */,
			);
			name = Translate;
			sourceTree = "<group>";
		};
/* End PBXGroup section */

/* Begin PBXNativeTarget section */
		5A01077824B5F4FC008B9063 /* Le Baluchon */ = {
			isa = PBXNativeTarget;
			buildConfigurationList = 5A0107A324B5F501008B9063 /* Build configuration list for PBXNativeTarget "Le Baluchon" */;
			buildPhases = (
				5A01077524B5F4FC008B9063 /* Sources */,
				5A01077624B5F4FC008B9063 /* Frameworks */,
				5A01077724B5F4FC008B9063 /* Resources */,
			);
			buildRules = (
			);
			dependencies = (
			);
			name = "Le Baluchon";
			productName = "Le Balluchon";
			productReference = 5A01077924B5F4FC008B9063 /* Le Baluchon.app */;
			productType = "com.apple.product-type.application";
		};
		5A01078E24B5F501008B9063 /* Le BaluchonTests */ = {
			isa = PBXNativeTarget;
			buildConfigurationList = 5A0107A624B5F501008B9063 /* Build configuration list for PBXNativeTarget "Le BaluchonTests" */;
			buildPhases = (
				5A01078B24B5F501008B9063 /* Sources */,
				5A01078C24B5F501008B9063 /* Frameworks */,
				5A01078D24B5F501008B9063 /* Resources */,
			);
			buildRules = (
			);
			dependencies = (
				5A01079124B5F501008B9063 /* PBXTargetDependency */,
			);
			name = "Le BaluchonTests";
			productName = "Le BalluchonTests";
			productReference = 5A01078F24B5F501008B9063 /* Le BaluchonTests.xctest */;
			productType = "com.apple.product-type.bundle.unit-test";
		};
		5A01079924B5F501008B9063 /* Le BaluchonUITests */ = {
			isa = PBXNativeTarget;
			buildConfigurationList = 5A0107A924B5F501008B9063 /* Build configuration list for PBXNativeTarget "Le BaluchonUITests" */;
			buildPhases = (
				5A01079624B5F501008B9063 /* Sources */,
				5A01079724B5F501008B9063 /* Frameworks */,
				5A01079824B5F501008B9063 /* Resources */,
			);
			buildRules = (
			);
			dependencies = (
				5A01079C24B5F501008B9063 /* PBXTargetDependency */,
			);
			name = "Le BaluchonUITests";
			productName = "Le BalluchonUITests";
			productReference = 5A01079A24B5F501008B9063 /* Le BaluchonUITests.xctest */;
			productType = "com.apple.product-type.bundle.ui-testing";
		};
/* End PBXNativeTarget section */

/* Begin PBXProject section */
		5A01077124B5F4FC008B9063 /* Project object */ = {
			isa = PBXProject;
			attributes = {
				LastSwiftUpdateCheck = 1150;
				LastUpgradeCheck = 1150;
				ORGANIZATIONNAME = "Nathalie Ortonne";
				TargetAttributes = {
					5A01077824B5F4FC008B9063 = {
						CreatedOnToolsVersion = 11.5;
					};
					5A01078E24B5F501008B9063 = {
						CreatedOnToolsVersion = 11.5;
						LastSwiftMigration = 1150;
						TestTargetID = 5A01077824B5F4FC008B9063;
					};
					5A01079924B5F501008B9063 = {
						CreatedOnToolsVersion = 11.5;
						TestTargetID = 5A01077824B5F4FC008B9063;
					};
				};
			};
			buildConfigurationList = 5A01077424B5F4FC008B9063 /* Build configuration list for PBXProject "Le Baluchon" */;
			compatibilityVersion = "Xcode 9.3";
			developmentRegion = en;
			hasScannedForEncodings = 0;
			knownRegions = (
				en,
				Base,
			);
			mainGroup = 5A01077024B5F4FC008B9063;
			productRefGroup = 5A01077A24B5F4FC008B9063 /* Products */;
			projectDirPath = "";
			projectRoot = "";
			targets = (
				5A01077824B5F4FC008B9063 /* Le Baluchon */,
				5A01078E24B5F501008B9063 /* Le BaluchonTests */,
				5A01079924B5F501008B9063 /* Le BaluchonUITests */,
			);
		};
/* End PBXProject section */

/* Begin PBXResourcesBuildPhase section */
		5A01077724B5F4FC008B9063 /* Resources */ = {
			isa = PBXResourcesBuildPhase;
			buildActionMask = 2147483647;
			files = (
				5A01078924B5F501008B9063 /* LaunchScreen.storyboard in Resources */,
				5AADD8C924B7469500227CDC /* Default-568h@2x.png in Resources */,
				5A01078624B5F501008B9063 /* Assets.xcassets in Resources */,
				5A01078424B5F4FC008B9063 /* Main.storyboard in Resources */,
			);
			runOnlyForDeploymentPostprocessing = 0;
		};
		5A01078D24B5F501008B9063 /* Resources */ = {
			isa = PBXResourcesBuildPhase;
			buildActionMask = 2147483647;
			files = (
			);
			runOnlyForDeploymentPostprocessing = 0;
		};
		5A01079824B5F501008B9063 /* Resources */ = {
			isa = PBXResourcesBuildPhase;
			buildActionMask = 2147483647;
			files = (
			);
			runOnlyForDeploymentPostprocessing = 0;
		};
/* End PBXResourcesBuildPhase section */

/* Begin PBXSourcesBuildPhase section */
		5A01077524B5F4FC008B9063 /* Sources */ = {
			isa = PBXSourcesBuildPhase;
			buildActionMask = 2147483647;
			files = (
				5AADD8CB24BCA2EB00227CDC /* CurrencyRateService.swift in Sources */,
				5A0107B224B5F711008B9063 /* TranslationViewController.swift in Sources */,
				5A7EA30224C72F5500CCCA55 /* WeatherPageViewController.swift in Sources */,
				5AADD8D124BDD00300227CDC /* WeatherService.swift in Sources */,
				5A7EA30424C7355900CCCA55 /* WeatherViewController.swift in Sources */,
				5A0107BC24B5F7CD008B9063 /* Translation.swift in Sources */,
				5A0107B024B5F6DA008B9063 /* ExchangeRateViewController.swift in Sources */,
				5A01077D24B5F4FC008B9063 /* AppDelegate.swift in Sources */,
				5A0107BA24B5F7B1008B9063 /* CurrencyRate.swift in Sources */,
				5A01077F24B5F4FC008B9063 /* SceneDelegate.swift in Sources */,
				5A0107B624B5F769008B9063 /* WelcomViewController.swift in Sources */,
				5AADD8D524BEFCBA00227CDC /* Currencies.swift in Sources */,
				5A0107B824B5F796008B9063 /* Weather.swift in Sources */,
			);
			runOnlyForDeploymentPostprocessing = 0;
		};
		5A01078B24B5F501008B9063 /* Sources */ = {
			isa = PBXSourcesBuildPhase;
			buildActionMask = 2147483647;
			files = (
				5AADD8CF24BDADA200227CDC /* FakeResponseData.swift in Sources */,
				5AADD8CD24BDAD0500227CDC /* CurrencyRateTest.swift in Sources */,
				5AADD8D324BDD36200227CDC /* WeatherTests.swift in Sources */,
			);
			runOnlyForDeploymentPostprocessing = 0;
		};
		5A01079624B5F501008B9063 /* Sources */ = {
			isa = PBXSourcesBuildPhase;
			buildActionMask = 2147483647;
			files = (
				5A01079F24B5F501008B9063 /* Le_BalluchonUITests.swift in Sources */,
			);
			runOnlyForDeploymentPostprocessing = 0;
		};
/* End PBXSourcesBuildPhase section */

/* Begin PBXTargetDependency section */
		5A01079124B5F501008B9063 /* PBXTargetDependency */ = {
			isa = PBXTargetDependency;
			target = 5A01077824B5F4FC008B9063 /* Le Baluchon */;
			targetProxy = 5A01079024B5F501008B9063 /* PBXContainerItemProxy */;
		};
		5A01079C24B5F501008B9063 /* PBXTargetDependency */ = {
			isa = PBXTargetDependency;
			target = 5A01077824B5F4FC008B9063 /* Le Baluchon */;
			targetProxy = 5A01079B24B5F501008B9063 /* PBXContainerItemProxy */;
		};
/* End PBXTargetDependency section */

/* Begin PBXVariantGroup section */
		5A01078224B5F4FC008B9063 /* Main.storyboard */ = {
			isa = PBXVariantGroup;
			children = (
				5A01078324B5F4FC008B9063 /* Base */,
			);
			name = Main.storyboard;
			sourceTree = "<group>";
		};
		5A01078724B5F501008B9063 /* LaunchScreen.storyboard */ = {
			isa = PBXVariantGroup;
			children = (
				5A01078824B5F501008B9063 /* Base */,
			);
			name = LaunchScreen.storyboard;
			sourceTree = "<group>";
		};
/* End PBXVariantGroup section */

/* Begin XCBuildConfiguration section */
		5A0107A124B5F501008B9063 /* Debug */ = {
			isa = XCBuildConfiguration;
			buildSettings = {
				ALWAYS_SEARCH_USER_PATHS = NO;
				CLANG_ANALYZER_NONNULL = YES;
				CLANG_ANALYZER_NUMBER_OBJECT_CONVERSION = YES_AGGRESSIVE;
				CLANG_CXX_LANGUAGE_STANDARD = "gnu++14";
				CLANG_CXX_LIBRARY = "libc++";
				CLANG_ENABLE_MODULES = YES;
				CLANG_ENABLE_OBJC_ARC = YES;
				CLANG_ENABLE_OBJC_WEAK = YES;
				CLANG_WARN_BLOCK_CAPTURE_AUTORELEASING = YES;
				CLANG_WARN_BOOL_CONVERSION = YES;
				CLANG_WARN_COMMA = YES;
				CLANG_WARN_CONSTANT_CONVERSION = YES;
				CLANG_WARN_DEPRECATED_OBJC_IMPLEMENTATIONS = YES;
				CLANG_WARN_DIRECT_OBJC_ISA_USAGE = YES_ERROR;
				CLANG_WARN_DOCUMENTATION_COMMENTS = YES;
				CLANG_WARN_EMPTY_BODY = YES;
				CLANG_WARN_ENUM_CONVERSION = YES;
				CLANG_WARN_INFINITE_RECURSION = YES;
				CLANG_WARN_INT_CONVERSION = YES;
				CLANG_WARN_NON_LITERAL_NULL_CONVERSION = YES;
				CLANG_WARN_OBJC_IMPLICIT_RETAIN_SELF = YES;
				CLANG_WARN_OBJC_LITERAL_CONVERSION = YES;
				CLANG_WARN_OBJC_ROOT_CLASS = YES_ERROR;
				CLANG_WARN_RANGE_LOOP_ANALYSIS = YES;
				CLANG_WARN_STRICT_PROTOTYPES = YES;
				CLANG_WARN_SUSPICIOUS_MOVE = YES;
				CLANG_WARN_UNGUARDED_AVAILABILITY = YES_AGGRESSIVE;
				CLANG_WARN_UNREACHABLE_CODE = YES;
				CLANG_WARN__DUPLICATE_METHOD_MATCH = YES;
				COPY_PHASE_STRIP = NO;
				DEBUG_INFORMATION_FORMAT = dwarf;
				ENABLE_STRICT_OBJC_MSGSEND = YES;
				ENABLE_TESTABILITY = YES;
				GCC_C_LANGUAGE_STANDARD = gnu11;
				GCC_DYNAMIC_NO_PIC = NO;
				GCC_NO_COMMON_BLOCKS = YES;
				GCC_OPTIMIZATION_LEVEL = 0;
				GCC_PREPROCESSOR_DEFINITIONS = (
					"DEBUG=1",
					"$(inherited)",
				);
				GCC_WARN_64_TO_32_BIT_CONVERSION = YES;
				GCC_WARN_ABOUT_RETURN_TYPE = YES_ERROR;
				GCC_WARN_UNDECLARED_SELECTOR = YES;
				GCC_WARN_UNINITIALIZED_AUTOS = YES_AGGRESSIVE;
				GCC_WARN_UNUSED_FUNCTION = YES;
				GCC_WARN_UNUSED_VARIABLE = YES;
				IPHONEOS_DEPLOYMENT_TARGET = 13.5;
				MTL_ENABLE_DEBUG_INFO = INCLUDE_SOURCE;
				MTL_FAST_MATH = YES;
				ONLY_ACTIVE_ARCH = YES;
				SDKROOT = iphoneos;
				SWIFT_ACTIVE_COMPILATION_CONDITIONS = DEBUG;
				SWIFT_OPTIMIZATION_LEVEL = "-Onone";
			};
			name = Debug;
		};
		5A0107A224B5F501008B9063 /* Release */ = {
			isa = XCBuildConfiguration;
			buildSettings = {
				ALWAYS_SEARCH_USER_PATHS = NO;
				CLANG_ANALYZER_NONNULL = YES;
				CLANG_ANALYZER_NUMBER_OBJECT_CONVERSION = YES_AGGRESSIVE;
				CLANG_CXX_LANGUAGE_STANDARD = "gnu++14";
				CLANG_CXX_LIBRARY = "libc++";
				CLANG_ENABLE_MODULES = YES;
				CLANG_ENABLE_OBJC_ARC = YES;
				CLANG_ENABLE_OBJC_WEAK = YES;
				CLANG_WARN_BLOCK_CAPTURE_AUTORELEASING = YES;
				CLANG_WARN_BOOL_CONVERSION = YES;
				CLANG_WARN_COMMA = YES;
				CLANG_WARN_CONSTANT_CONVERSION = YES;
				CLANG_WARN_DEPRECATED_OBJC_IMPLEMENTATIONS = YES;
				CLANG_WARN_DIRECT_OBJC_ISA_USAGE = YES_ERROR;
				CLANG_WARN_DOCUMENTATION_COMMENTS = YES;
				CLANG_WARN_EMPTY_BODY = YES;
				CLANG_WARN_ENUM_CONVERSION = YES;
				CLANG_WARN_INFINITE_RECURSION = YES;
				CLANG_WARN_INT_CONVERSION = YES;
				CLANG_WARN_NON_LITERAL_NULL_CONVERSION = YES;
				CLANG_WARN_OBJC_IMPLICIT_RETAIN_SELF = YES;
				CLANG_WARN_OBJC_LITERAL_CONVERSION = YES;
				CLANG_WARN_OBJC_ROOT_CLASS = YES_ERROR;
				CLANG_WARN_RANGE_LOOP_ANALYSIS = YES;
				CLANG_WARN_STRICT_PROTOTYPES = YES;
				CLANG_WARN_SUSPICIOUS_MOVE = YES;
				CLANG_WARN_UNGUARDED_AVAILABILITY = YES_AGGRESSIVE;
				CLANG_WARN_UNREACHABLE_CODE = YES;
				CLANG_WARN__DUPLICATE_METHOD_MATCH = YES;
				COPY_PHASE_STRIP = NO;
				DEBUG_INFORMATION_FORMAT = "dwarf-with-dsym";
				ENABLE_NS_ASSERTIONS = NO;
				ENABLE_STRICT_OBJC_MSGSEND = YES;
				GCC_C_LANGUAGE_STANDARD = gnu11;
				GCC_NO_COMMON_BLOCKS = YES;
				GCC_WARN_64_TO_32_BIT_CONVERSION = YES;
				GCC_WARN_ABOUT_RETURN_TYPE = YES_ERROR;
				GCC_WARN_UNDECLARED_SELECTOR = YES;
				GCC_WARN_UNINITIALIZED_AUTOS = YES_AGGRESSIVE;
				GCC_WARN_UNUSED_FUNCTION = YES;
				GCC_WARN_UNUSED_VARIABLE = YES;
				IPHONEOS_DEPLOYMENT_TARGET = 13.5;
				MTL_ENABLE_DEBUG_INFO = NO;
				MTL_FAST_MATH = YES;
				SDKROOT = iphoneos;
				SWIFT_COMPILATION_MODE = wholemodule;
				SWIFT_OPTIMIZATION_LEVEL = "-O";
				VALIDATE_PRODUCT = YES;
			};
			name = Release;
		};
		5A0107A424B5F501008B9063 /* Debug */ = {
			isa = XCBuildConfiguration;
			buildSettings = {
				ASSETCATALOG_COMPILER_APPICON_NAME = AppIcon;
				CODE_SIGN_STYLE = Automatic;
				DEVELOPMENT_TEAM = XJPLMV5UNX;
				INFOPLIST_FILE = "$(SRCROOT)/Le Baluchon/Info.plist";
				IPHONEOS_DEPLOYMENT_TARGET = 13.0;
				LD_RUNPATH_SEARCH_PATHS = (
					"$(inherited)",
					"@executable_path/Frameworks",
				);
				PRODUCT_BUNDLE_IDENTIFIER = "fr.nathalieortonne.Le-Baluchon";
				PRODUCT_NAME = "Le Baluchon";
				SWIFT_VERSION = 5.0;
				TARGETED_DEVICE_FAMILY = "1,2";
			};
			name = Debug;
		};
		5A0107A524B5F501008B9063 /* Release */ = {
			isa = XCBuildConfiguration;
			buildSettings = {
				ASSETCATALOG_COMPILER_APPICON_NAME = AppIcon;
				CODE_SIGN_STYLE = Automatic;
				DEVELOPMENT_TEAM = XJPLMV5UNX;
				INFOPLIST_FILE = "$(SRCROOT)/Le Baluchon/Info.plist";
				IPHONEOS_DEPLOYMENT_TARGET = 13.0;
				LD_RUNPATH_SEARCH_PATHS = (
					"$(inherited)",
					"@executable_path/Frameworks",
				);
				PRODUCT_BUNDLE_IDENTIFIER = "fr.nathalieortonne.Le-Baluchon";
				PRODUCT_NAME = "Le Baluchon";
				SWIFT_VERSION = 5.0;
				TARGETED_DEVICE_FAMILY = "1,2";
			};
			name = Release;
		};
		5A0107A724B5F501008B9063 /* Debug */ = {
			isa = XCBuildConfiguration;
			buildSettings = {
				ALWAYS_EMBED_SWIFT_STANDARD_LIBRARIES = YES;
				BUNDLE_LOADER = "$(TEST_HOST)";
				CLANG_ENABLE_MODULES = YES;
				CODE_SIGN_STYLE = Automatic;
				DEVELOPMENT_TEAM = XJPLMV5UNX;
				INFOPLIST_FILE = "Le BalluchonTests/Info.plist";
				IPHONEOS_DEPLOYMENT_TARGET = 13.5;
				LD_RUNPATH_SEARCH_PATHS = (
					"$(inherited)",
					"@executable_path/Frameworks",
					"@loader_path/Frameworks",
				);
				PRODUCT_BUNDLE_IDENTIFIER = "fr.nathalieortonne.Le-BalluchonTests";
				PRODUCT_NAME = "$(TARGET_NAME)";
				SWIFT_OPTIMIZATION_LEVEL = "-Onone";
				SWIFT_VERSION = 5.0;
				TARGETED_DEVICE_FAMILY = "1,2";
				TEST_HOST = "$(BUILT_PRODUCTS_DIR)/Le Baluchon.app/Le Baluchon";
			};
			name = Debug;
		};
		5A0107A824B5F501008B9063 /* Release */ = {
			isa = XCBuildConfiguration;
			buildSettings = {
				ALWAYS_EMBED_SWIFT_STANDARD_LIBRARIES = YES;
				BUNDLE_LOADER = "$(TEST_HOST)";
				CLANG_ENABLE_MODULES = YES;
				CODE_SIGN_STYLE = Automatic;
				DEVELOPMENT_TEAM = XJPLMV5UNX;
				INFOPLIST_FILE = "Le BalluchonTests/Info.plist";
				IPHONEOS_DEPLOYMENT_TARGET = 13.5;
				LD_RUNPATH_SEARCH_PATHS = (
					"$(inherited)",
					"@executable_path/Frameworks",
					"@loader_path/Frameworks",
				);
				PRODUCT_BUNDLE_IDENTIFIER = "fr.nathalieortonne.Le-BalluchonTests";
				PRODUCT_NAME = "$(TARGET_NAME)";
				SWIFT_VERSION = 5.0;
				TARGETED_DEVICE_FAMILY = "1,2";
				TEST_HOST = "$(BUILT_PRODUCTS_DIR)/Le Baluchon.app/Le Baluchon";
			};
			name = Release;
		};
		5A0107AA24B5F501008B9063 /* Debug */ = {
			isa = XCBuildConfiguration;
			buildSettings = {
				ALWAYS_EMBED_SWIFT_STANDARD_LIBRARIES = YES;
				CODE_SIGN_STYLE = Automatic;
				DEVELOPMENT_TEAM = XJPLMV5UNX;
				INFOPLIST_FILE = "Le BalluchonUITests/Info.plist";
				LD_RUNPATH_SEARCH_PATHS = (
					"$(inherited)",
					"@executable_path/Frameworks",
					"@loader_path/Frameworks",
				);
				PRODUCT_BUNDLE_IDENTIFIER = "fr.nathalieortonne.Le-BalluchonUITests";
				PRODUCT_NAME = "$(TARGET_NAME)";
				SWIFT_VERSION = 5.0;
				TARGETED_DEVICE_FAMILY = "1,2";
				TEST_TARGET_NAME = "Le Balluchon";
			};
			name = Debug;
		};
		5A0107AB24B5F501008B9063 /* Release */ = {
			isa = XCBuildConfiguration;
			buildSettings = {
				ALWAYS_EMBED_SWIFT_STANDARD_LIBRARIES = YES;
				CODE_SIGN_STYLE = Automatic;
				DEVELOPMENT_TEAM = XJPLMV5UNX;
				INFOPLIST_FILE = "Le BalluchonUITests/Info.plist";
				LD_RUNPATH_SEARCH_PATHS = (
					"$(inherited)",
					"@executable_path/Frameworks",
					"@loader_path/Frameworks",
				);
				PRODUCT_BUNDLE_IDENTIFIER = "fr.nathalieortonne.Le-BalluchonUITests";
				PRODUCT_NAME = "$(TARGET_NAME)";
				SWIFT_VERSION = 5.0;
				TARGETED_DEVICE_FAMILY = "1,2";
				TEST_TARGET_NAME = "Le Balluchon";
			};
			name = Release;
		};
/* End XCBuildConfiguration section */

/* Begin XCConfigurationList section */
		5A01077424B5F4FC008B9063 /* Build configuration list for PBXProject "Le Baluchon" */ = {
			isa = XCConfigurationList;
			buildConfigurations = (
				5A0107A124B5F501008B9063 /* Debug */,
				5A0107A224B5F501008B9063 /* Release */,
			);
			defaultConfigurationIsVisible = 0;
			defaultConfigurationName = Release;
		};
		5A0107A324B5F501008B9063 /* Build configuration list for PBXNativeTarget "Le Baluchon" */ = {
			isa = XCConfigurationList;
			buildConfigurations = (
				5A0107A424B5F501008B9063 /* Debug */,
				5A0107A524B5F501008B9063 /* Release */,
			);
			defaultConfigurationIsVisible = 0;
			defaultConfigurationName = Release;
		};
		5A0107A624B5F501008B9063 /* Build configuration list for PBXNativeTarget "Le BaluchonTests" */ = {
			isa = XCConfigurationList;
			buildConfigurations = (
				5A0107A724B5F501008B9063 /* Debug */,
				5A0107A824B5F501008B9063 /* Release */,
			);
			defaultConfigurationIsVisible = 0;
			defaultConfigurationName = Release;
		};
		5A0107A924B5F501008B9063 /* Build configuration list for PBXNativeTarget "Le BaluchonUITests" */ = {
			isa = XCConfigurationList;
			buildConfigurations = (
				5A0107AA24B5F501008B9063 /* Debug */,
				5A0107AB24B5F501008B9063 /* Release */,
			);
			defaultConfigurationIsVisible = 0;
			defaultConfigurationName = Release;
		};
/* End XCConfigurationList section */
	};
	rootObject = 5A01077124B5F4FC008B9063 /* Project object */;
}
